
Microsoft Visual Studio Solution File, Format Version 12.00
# Visual Studio Version 17
VisualStudioVersion = 17.4.33213.308
MinimumVisualStudioVersion = 10.0.40219.1
Project("{FAE04EC0-301F-11D3-BF4B-00C04F79EFBC}") = "WebApplication8", "WebApplication8\WebApplication8.csproj", "{E1649755-39C2-4576-A8E7-0E4D23256983}"
EndProject
Project("{888888A0-9F3D-457C-B088-3A5042F75D52}") = "PythonApplication1", "PythonApplication1\PythonApplication1.pyproj", "{3B8C1213-6576-4AF6-9CB2-9959F6DACF88}"
EndProject
Global
	GlobalSection(SolutionConfigurationPlatforms) = preSolution
		Debug|Any CPU = Debug|Any CPU
		Release|Any CPU = Release|Any CPU
	EndGlobalSection
	GlobalSection(ProjectConfigurationPlatforms) = postSolution
		{E1649755-39C2-4576-A8E7-0E4D23256983}.Debug|Any CPU.ActiveCfg = Debug|Any CPU
		{E1649755-39C2-4576-A8E7-0E4D23256983}.Debug|Any CPU.Build.0 = Debug|Any CPU
		{E1649755-39C2-4576-A8E7-0E4D23256983}.Release|Any CPU.ActiveCfg = Release|Any CPU
		{E1649755-39C2-4576-A8E7-0E4D23256983}.Release|Any CPU.Build.0 = Release|Any CPU
		{3B8C1213-6576-4AF6-9CB2-9959F6DACF88}.Debug|Any CPU.ActiveCfg = Debug|Any CPU
		{3B8C1213-6576-4AF6-9CB2-9959F6DACF88}.Release|Any CPU.ActiveCfg = Release|Any CPU
	EndGlobalSection
	GlobalSection(SolutionProperties) = preSolution
		HideSolutionNode = FALSE
	EndGlobalSection
	GlobalSection(ExtensibilityGlobals) = postSolution
		SolutionGuid = {CF241D6D-35BB-41B0-A722-AFAA4A12F9DD}
	EndGlobalSection
EndGlobal
